github.com/goombaio/orderedmap v0.0.0-20180924084748-ba921b7e2419/go.mod h1:YKu81H3RSd1cFh0d7NhvUoTtUC9IY/vBX0WUQb1/o4Y=
github.com/goombaio/orderedmap v0.0.0-20180925151256-3da0e2f905f9 h1:vFjPvFavIiDY71bQ9HIxPQBANvNl1SmFC4fgg5xRkho=
github.com/goombaio/orderedmap v0.0.0-20180925151256-3da0e2f905f9/go.mod h1:YKu81H3RSd1cFh0d7NhvUoTtUC9IY/vBX0WUQb1/o4Y=
github.com/goombaio/orderedset v0.0.0-20180925151225-8e67b20a9b77 h1:4dvq1tGHn1Y9KSRY0OZ24Khki4+4U+ZrA//YYsdUlJU=
github.com/goombaio/orderedset v0.0.0-20180925151225-8e67b20a9b77/go.mod h1:HPelMYpOyy0XvglpBbmZ3krZpwaHmszj/vQNlnETPTM=
